
Microsoft Visual Studio Solution File, Format Version 12.00
# Visual Studio 15
VisualStudioVersion = 15.0.27004.2002
MinimumVisualStudioVersion = 10.0.40219.1
Project("{FAE04EC0-301F-11D3-BF4B-00C04F79EFBC}") = "SupportWheelOfFate", "SupportWheelOfFate\SupportWheelOfFate.csproj", "{351E1426-CB88-487E-ACF3-636971B93EA3}"
EndProject
Project("{9A19103F-16F7-4668-BE54-9A1E7A4F7556}") = "SupportWheelOfFate.API", "SupportWheelOfFate.API\SupportWheelOfFate.API.csproj", "{3DC058A8-DF77-4195-8670-4EF321085D3C}"
EndProject
Project("{2150E333-8FDC-42A3-9474-1A3956D46DE8}") = "Solution Items", "Solution Items", "{97B87307-BDE0-4B06-AE88-DD686618275C}"
	ProjectSection(SolutionItems) = preProject
		Notes.txt = Notes.txt
	EndProjectSection
EndProject
Project("{FAE04EC0-301F-11D3-BF4B-00C04F79EFBC}") = "SupportWheelOfFate.Services", "SupportWheelOfFate.Services\SupportWheelOfFate.Services.csproj", "{418F90C8-1C3D-4953-97A4-0E3F15132A90}"
EndProject
Project("{FAE04EC0-301F-11D3-BF4B-00C04F79EFBC}") = "SupportWheelOfFate.Tests", "SupportWheelOfFate.Tests\SupportWheelOfFate.Tests.csproj", "{43BB26D9-B608-420F-8772-65BBD43C4C4D}"
EndProject
Global
	GlobalSection(SolutionConfigurationPlatforms) = preSolution
		Debug|Any CPU = Debug|Any CPU
		Release|Any CPU = Release|Any CPU
	EndGlobalSection
	GlobalSection(ProjectConfigurationPlatforms) = postSolution
		{351E1426-CB88-487E-ACF3-636971B93EA3}.Debug|Any CPU.ActiveCfg = Debug|Any CPU
		{351E1426-CB88-487E-ACF3-636971B93EA3}.Debug|Any CPU.Build.0 = Debug|Any CPU
		{351E1426-CB88-487E-ACF3-636971B93EA3}.Release|Any CPU.ActiveCfg = Release|Any CPU
		{351E1426-CB88-487E-ACF3-636971B93EA3}.Release|Any CPU.Build.0 = Release|Any CPU
		{3DC058A8-DF77-4195-8670-4EF321085D3C}.Debug|Any CPU.ActiveCfg = Debug|Any CPU
		{3DC058A8-DF77-4195-8670-4EF321085D3C}.Debug|Any CPU.Build.0 = Debug|Any CPU
		{3DC058A8-DF77-4195-8670-4EF321085D3C}.Release|Any CPU.ActiveCfg = Release|Any CPU
		{3DC058A8-DF77-4195-8670-4EF321085D3C}.Release|Any CPU.Build.0 = Release|Any CPU
		{418F90C8-1C3D-4953-97A4-0E3F15132A90}.Debug|Any CPU.ActiveCfg = Debug|Any CPU
		{418F90C8-1C3D-4953-97A4-0E3F15132A90}.Debug|Any CPU.Build.0 = Debug|Any CPU
		{418F90C8-1C3D-4953-97A4-0E3F15132A90}.Release|Any CPU.ActiveCfg = Release|Any CPU
		{418F90C8-1C3D-4953-97A4-0E3F15132A90}.Release|Any CPU.Build.0 = Release|Any CPU
		{43BB26D9-B608-420F-8772-65BBD43C4C4D}.Debug|Any CPU.ActiveCfg = Debug|Any CPU
		{43BB26D9-B608-420F-8772-65BBD43C4C4D}.Debug|Any CPU.Build.0 = Debug|Any CPU
		{43BB26D9-B608-420F-8772-65BBD43C4C4D}.Release|Any CPU.ActiveCfg = Release|Any CPU
		{43BB26D9-B608-420F-8772-65BBD43C4C4D}.Release|Any CPU.Build.0 = Release|Any CPU
	EndGlobalSection
	GlobalSection(SolutionProperties) = preSolution
		HideSolutionNode = FALSE
	EndGlobalSection
	GlobalSection(ExtensibilityGlobals) = postSolution
		SolutionGuid = {0D67F314-1CAA-4FAC-A701-04C381F2C1AC}
	EndGlobalSection
EndGlobal
